{
  "originHash" : "a0bec51fdb935cb3275f1ab040b460c9cbdb2862781bdd98aaad67dcc84d56c2",
  "pins" : [
    {
      "identity" : "hoshidicts",
      "kind" : "remoteSourceControl",
      "location" : "https://github.com/Manhhao/hoshidicts.git",
      "state" : {
        "branch" : "main",
        "revision" : "30ad52fc2168f486fd316828bbe8443158ac679b"
      }
    },
    {
      "identity" : "zipfoundation",
      "kind" : "remoteSourceControl",
      "location" : "https://github.com/weichsel/ZIPFoundation.git",
      "state" : {
        "revision" : "22787ffb59de99e5dc1fbfe80b19c97a904ad48d",
        "version" : "0.9.20"
      }
    },
    {
      "identity" : "zstd",
      "kind" : "remoteSourceControl",
      "location" : "https://github.com/facebook/zstd.git",
      "state" : {
        "revision" : "f8745da6ff1ad1e7bab384bd1f9d742439278e99",
        "version" : "1.5.7"
      }
    }
  ],
  "version" : 3
}
